Microsoft Visual Studio Solution File, Format Version 12.00
# Visual Studio Version 17
VisualStudioVersion = 17.0.31903.59
MinimumVisualStudioVersion = 10.0.40219.1
Project("{C9524EB3-3E2D-4EDC-A7BD-592121E22CE0}") = "Project_f758c727fba64af48b918a80aac27318_20250601200320454609", "Project_f758c727fba64af48b918a80aac27318_20250601200320454609.csproj", "{C9524EB3-3E2D-4EDC-A7BD-592121E22CE0}"
EndProject
Global
    GlobalSection(SolutionConfigurationPlatforms) = preSolution
        Debug|Any CPU = Debug|Any CPU
        Release|Any CPU = Release|Any CPU
    EndGlobalSection
    GlobalSection(ProjectConfigurationPlatforms) = postSolution
        {C9524EB3-3E2D-4EDC-A7BD-592121E22CE0}.Debug|Any CPU.ActiveCfg = Debug|Any CPU
        {C9524EB3-3E2D-4EDC-A7BD-592121E22CE0}.Debug|Any CPU.Build.0 = Debug|Any CPU
        {C9524EB3-3E2D-4EDC-A7BD-592121E22CE0}.Release|Any CPU.ActiveCfg = Release|Any CPU
        {C9524EB3-3E2D-4EDC-A7BD-592121E22CE0}.Release|Any CPU.Build.0 = Release|Any CPU
    EndGlobalSection
EndGlobal